{
    "version": 3,
    "terraform_version": "0.11.7",
    "serial": 6,
    "lineage": "4fdf993c-217d-b3f3-9d7b-8d5d7dafdc5e",
    "modules": [
        {
            "path": [
                "root"
            ],
            "outputs": {
                "public_ip": {
                    "sensitive": false,
                    "type": "string",
                    "value": "18.237.133.92"
                }
            },
            "resources": {
                "aws_instance.beats": {
                    "type": "aws_instance",
                    "depends_on": [],
                    "primary": {
                        "id": "i-00160504835d98d6d",
                        "attributes": {
                            "ami": "ami-ba602bc2",
                            "associate_public_ip_address": "true",
                            "availability_zone": "us-west-2c",
                            "cpu_core_count": "1",
                            "cpu_threads_per_core": "1",
                            "credit_specification.#": "1",
                            "credit_specification.0.cpu_credits": "standard",
                            "disable_api_termination": "false",
                            "ebs_block_device.#": "0",
                            "ebs_optimized": "false",
                            "ephemeral_block_device.#": "0",
                            "get_password_data": "false",
                            "iam_instance_profile": "",
                            "id": "i-00160504835d98d6d",
                            "instance_state": "running",
                            "instance_type": "m3.medium",
                            "ipv6_addresses.#": "0",
                            "key_name": "fridaymorning",
                            "monitoring": "false",
                            "network_interface.#": "0",
                            "network_interface_id": "eni-5609db4c",
                            "password_data": "",
                            "placement_group": "",
                            "primary_network_interface_id": "eni-5609db4c",
                            "private_dns": "ip-172-31-0-79.us-west-2.compute.internal",
                            "private_ip": "172.31.0.79",
                            "public_dns": "ec2-54-214-215-2.us-west-2.compute.amazonaws.com",
                            "public_ip": "54.214.215.2",
                            "root_block_device.#": "1",
                            "root_block_device.0.delete_on_termination": "true",
                            "root_block_device.0.iops": "100",
                            "root_block_device.0.volume_id": "vol-0258f7bdd931448ed",
                            "root_block_device.0.volume_size": "8",
                            "root_block_device.0.volume_type": "gp2",
                            "security_groups.#": "1",
                            "security_groups.3814588639": "default",
                            "source_dest_check": "true",
                            "subnet_id": "subnet-f672c6af",
                            "tags.%": "3",
                            "tags.ProjectName": "FridayMorning",
                            "tags.ResourceName": "beats",
                            "tags.Terraform": "services/main.tf",
                            "tenancy": "default",
                            "user_data": "53ab950e6b15dda01e16dc7f1b25a85919863864",
                            "volume_tags.%": "0",
                            "vpc_security_group_ids.#": "1",
                            "vpc_security_group_ids.4048693724": "sg-836aa2e7"
                        },
                        "meta": {
                            "e2bfb730-ecaa-11e6-8f88-34363bc7c4c0": {
                                "create": 600000000000,
                                "delete": 1200000000000,
                                "update": 600000000000
                            },
                            "schema_version": "1"
                        },
                        "tainted": false
                    },
                    "deposed": [],
                    "provider": "provider.aws"
                },
                "aws_instance.collectd": {
                    "type": "aws_instance",
                    "depends_on": [],
                    "primary": {
                        "id": "i-0e5f4847a5f66f781",
                        "attributes": {
                            "ami": "ami-ba602bc2",
                            "associate_public_ip_address": "true",
                            "availability_zone": "us-west-2c",
                            "cpu_core_count": "1",
                            "cpu_threads_per_core": "1",
                            "credit_specification.#": "1",
                            "credit_specification.0.cpu_credits": "standard",
                            "disable_api_termination": "false",
                            "ebs_block_device.#": "0",
                            "ebs_optimized": "false",
                            "ephemeral_block_device.#": "0",
                            "get_password_data": "false",
                            "iam_instance_profile": "",
                            "id": "i-0e5f4847a5f66f781",
                            "instance_state": "running",
                            "instance_type": "m3.medium",
                            "ipv6_addresses.#": "0",
                            "key_name": "fridaymorning",
                            "monitoring": "false",
                            "network_interface.#": "0",
                            "network_interface_id": "eni-780edc62",
                            "password_data": "",
                            "placement_group": "",
                            "primary_network_interface_id": "eni-780edc62",
                            "private_dns": "ip-172-31-10-180.us-west-2.compute.internal",
                            "private_ip": "172.31.10.180",
                            "public_dns": "ec2-54-202-70-103.us-west-2.compute.amazonaws.com",
                            "public_ip": "54.202.70.103",
                            "root_block_device.#": "1",
                            "root_block_device.0.delete_on_termination": "true",
                            "root_block_device.0.iops": "100",
                            "root_block_device.0.volume_id": "vol-02f8a055199da4cd9",
                            "root_block_device.0.volume_size": "8",
                            "root_block_device.0.volume_type": "gp2",
                            "security_groups.#": "1",
                            "security_groups.3814588639": "default",
                            "source_dest_check": "true",
                            "subnet_id": "subnet-f672c6af",
                            "tags.%": "3",
                            "tags.ProjectName": "FridayMorning",
                            "tags.ResourceName": "collectd",
                            "tags.Terraform": "services/main.tf",
                            "tenancy": "default",
                            "user_data": "9212d51dbafb832a2f6ae64e3cf1107d2b5ee2cc",
                            "volume_tags.%": "0",
                            "vpc_security_group_ids.#": "1",
                            "vpc_security_group_ids.4048693724": "sg-836aa2e7"
                        },
                        "meta": {
                            "e2bfb730-ecaa-11e6-8f88-34363bc7c4c0": {
                                "create": 600000000000,
                                "delete": 1200000000000,
                                "update": 600000000000
                            },
                            "schema_version": "1"
                        },
                        "tainted": false
                    },
                    "deposed": [],
                    "provider": "provider.aws"
                },
                "aws_instance.elasticsearch": {
                    "type": "aws_instance",
                    "depends_on": [],
                    "primary": {
                        "id": "i-0d64cebb7fe5ba19e",
                        "attributes": {
                            "ami": "ami-ba602bc2",
                            "associate_public_ip_address": "true",
                            "availability_zone": "us-west-2c",
                            "cpu_core_count": "1",
                            "cpu_threads_per_core": "1",
                            "credit_specification.#": "1",
                            "credit_specification.0.cpu_credits": "standard",
                            "disable_api_termination": "false",
                            "ebs_block_device.#": "0",
                            "ebs_optimized": "false",
                            "ephemeral_block_device.#": "0",
                            "get_password_data": "false",
                            "iam_instance_profile": "",
                            "id": "i-0d64cebb7fe5ba19e",
                            "instance_state": "running",
                            "instance_type": "m3.medium",
                            "ipv6_addresses.#": "0",
                            "key_name": "fridaymorning",
                            "monitoring": "false",
                            "network_interface.#": "0",
                            "network_interface_id": "eni-ba0bd9a0",
                            "password_data": "",
                            "placement_group": "",
                            "primary_network_interface_id": "eni-ba0bd9a0",
                            "private_dns": "ip-172-31-1-70.us-west-2.compute.internal",
                            "private_ip": "172.31.1.70",
                            "public_dns": "ec2-18-237-233-113.us-west-2.compute.amazonaws.com",
                            "public_ip": "18.237.233.113",
                            "root_block_device.#": "1",
                            "root_block_device.0.delete_on_termination": "true",
                            "root_block_device.0.iops": "100",
                            "root_block_device.0.volume_id": "vol-0ccf4397428034cb7",
                            "root_block_device.0.volume_size": "8",
                            "root_block_device.0.volume_type": "gp2",
                            "security_groups.#": "1",
                            "security_groups.3814588639": "default",
                            "source_dest_check": "true",
                            "subnet_id": "subnet-f672c6af",
                            "tags.%": "3",
                            "tags.ProjectName": "FridayMorning",
                            "tags.ResourceName": "elasticsearch",
                            "tags.Terraform": "services/main.tf",
                            "tenancy": "default",
                            "user_data": "1404ee6f7a685d33e595121b490d612fe366910e",
                            "volume_tags.%": "0",
                            "vpc_security_group_ids.#": "1",
                            "vpc_security_group_ids.4048693724": "sg-836aa2e7"
                        },
                        "meta": {
                            "e2bfb730-ecaa-11e6-8f88-34363bc7c4c0": {
                                "create": 600000000000,
                                "delete": 1200000000000,
                                "update": 600000000000
                            },
                            "schema_version": "1"
                        },
                        "tainted": false
                    },
                    "deposed": [],
                    "provider": "provider.aws"
                },
                "aws_instance.frontend": {
                    "type": "aws_instance",
                    "depends_on": [],
                    "primary": {
                        "id": "i-0a868c25793ce3668",
                        "attributes": {
                            "ami": "ami-ba602bc2",
                            "associate_public_ip_address": "true",
                            "availability_zone": "us-west-2c",
                            "cpu_core_count": "1",
                            "cpu_threads_per_core": "1",
                            "credit_specification.#": "1",
                            "credit_specification.0.cpu_credits": "standard",
                            "disable_api_termination": "false",
                            "ebs_block_device.#": "0",
                            "ebs_optimized": "false",
                            "ephemeral_block_device.#": "0",
                            "get_password_data": "false",
                            "iam_instance_profile": "",
                            "id": "i-0a868c25793ce3668",
                            "instance_state": "running",
                            "instance_type": "m3.medium",
                            "ipv6_addresses.#": "0",
                            "key_name": "fridaymorning",
                            "monitoring": "false",
                            "network_interface.#": "0",
                            "network_interface_id": "eni-d40bd9ce",
                            "password_data": "",
                            "placement_group": "",
                            "primary_network_interface_id": "eni-d40bd9ce",
                            "private_dns": "ip-172-31-13-143.us-west-2.compute.internal",
                            "private_ip": "172.31.13.143",
                            "public_dns": "ec2-52-13-94-38.us-west-2.compute.amazonaws.com",
                            "public_ip": "52.13.94.38",
                            "root_block_device.#": "1",
                            "root_block_device.0.delete_on_termination": "true",
                            "root_block_device.0.iops": "100",
                            "root_block_device.0.volume_id": "vol-0cb333ca30ef506e5",
                            "root_block_device.0.volume_size": "8",
                            "root_block_device.0.volume_type": "gp2",
                            "security_groups.#": "1",
                            "security_groups.3814588639": "default",
                            "source_dest_check": "true",
                            "subnet_id": "subnet-f672c6af",
                            "tags.%": "3",
                            "tags.ProjectName": "FridayMorning",
                            "tags.ResourceName": "frontend",
                            "tags.Terraform": "services/main.tf",
                            "tenancy": "default",
                            "user_data": "166cb6e8b97c97b3117fc661f6d5684aabc7df4b",
                            "volume_tags.%": "0",
                            "vpc_security_group_ids.#": "1",
                            "vpc_security_group_ids.4048693724": "sg-836aa2e7"
                        },
                        "meta": {
                            "e2bfb730-ecaa-11e6-8f88-34363bc7c4c0": {
                                "create": 600000000000,
                                "delete": 1200000000000,
                                "update": 600000000000
                            },
                            "schema_version": "1"
                        },
                        "tainted": false
                    },
                    "deposed": [],
                    "provider": "provider.aws"
                },
                "aws_instance.gatling": {
                    "type": "aws_instance",
                    "depends_on": [],
                    "primary": {
                        "id": "i-079c8994a398cc0cb",
                        "attributes": {
                            "ami": "ami-ba602bc2",
                            "associate_public_ip_address": "true",
                            "availability_zone": "us-west-2c",
                            "cpu_core_count": "1",
                            "cpu_threads_per_core": "1",
                            "credit_specification.#": "1",
                            "credit_specification.0.cpu_credits": "standard",
                            "disable_api_termination": "false",
                            "ebs_block_device.#": "0",
                            "ebs_optimized": "false",
                            "ephemeral_block_device.#": "0",
                            "get_password_data": "false",
                            "iam_instance_profile": "",
                            "id": "i-079c8994a398cc0cb",
                            "instance_state": "running",
                            "instance_type": "m3.medium",
                            "ipv6_addresses.#": "0",
                            "key_name": "fridaymorning",
                            "monitoring": "false",
                            "network_interface.#": "0",
                            "network_interface_id": "eni-d609dbcc",
                            "password_data": "",
                            "placement_group": "",
                            "primary_network_interface_id": "eni-d609dbcc",
                            "private_dns": "ip-172-31-2-76.us-west-2.compute.internal",
                            "private_ip": "172.31.2.76",
                            "public_dns": "ec2-54-244-155-203.us-west-2.compute.amazonaws.com",
                            "public_ip": "54.244.155.203",
                            "root_block_device.#": "1",
                            "root_block_device.0.delete_on_termination": "true",
                            "root_block_device.0.iops": "100",
                            "root_block_device.0.volume_id": "vol-0b8665fb147441f35",
                            "root_block_device.0.volume_size": "8",
                            "root_block_device.0.volume_type": "gp2",
                            "security_groups.#": "1",
                            "security_groups.3814588639": "default",
                            "source_dest_check": "true",
                            "subnet_id": "subnet-f672c6af",
                            "tags.%": "3",
                            "tags.ProjectName": "FridayMorning",
                            "tags.ResourceName": "gatling",
                            "tags.Terraform": "services/main.tf",
                            "tenancy": "default",
                            "user_data": "166cb6e8b97c97b3117fc661f6d5684aabc7df4b",
                            "volume_tags.%": "0",
                            "vpc_security_group_ids.#": "1",
                            "vpc_security_group_ids.4048693724": "sg-836aa2e7"
                        },
                        "meta": {
                            "e2bfb730-ecaa-11e6-8f88-34363bc7c4c0": {
                                "create": 600000000000,
                                "delete": 1200000000000,
                                "update": 600000000000
                            },
                            "schema_version": "1"
                        },
                        "tainted": false
                    },
                    "deposed": [],
                    "provider": "provider.aws"
                },
                "aws_instance.gitlab": {
                    "type": "aws_instance",
                    "depends_on": [],
                    "primary": {
                        "id": "i-0244a1431684e9083",
                        "attributes": {
                            "ami": "ami-ba602bc2",
                            "associate_public_ip_address": "true",
                            "availability_zone": "us-west-2c",
                            "cpu_core_count": "1",
                            "cpu_threads_per_core": "1",
                            "credit_specification.#": "1",
                            "credit_specification.0.cpu_credits": "standard",
                            "disable_api_termination": "false",
                            "ebs_block_device.#": "0",
                            "ebs_optimized": "false",
                            "ephemeral_block_device.#": "0",
                            "get_password_data": "false",
                            "iam_instance_profile": "",
                            "id": "i-0244a1431684e9083",
                            "instance_state": "running",
                            "instance_type": "m3.medium",
                            "ipv6_addresses.#": "0",
                            "key_name": "fridaymorning",
                            "monitoring": "false",
                            "network_interface.#": "0",
                            "network_interface_id": "eni-d00fddca",
                            "password_data": "",
                            "placement_group": "",
                            "primary_network_interface_id": "eni-d00fddca",
                            "private_dns": "ip-172-31-2-151.us-west-2.compute.internal",
                            "private_ip": "172.31.2.151",
                            "public_dns": "ec2-18-237-133-92.us-west-2.compute.amazonaws.com",
                            "public_ip": "18.237.133.92",
                            "root_block_device.#": "1",
                            "root_block_device.0.delete_on_termination": "true",
                            "root_block_device.0.iops": "100",
                            "root_block_device.0.volume_id": "vol-0c814d9bab002dd5f",
                            "root_block_device.0.volume_size": "8",
                            "root_block_device.0.volume_type": "gp2",
                            "security_groups.#": "1",
                            "security_groups.3814588639": "default",
                            "source_dest_check": "true",
                            "subnet_id": "subnet-f672c6af",
                            "tags.%": "3",
                            "tags.ProjectName": "FridayMorning",
                            "tags.ResourceName": "gitlab",
                            "tags.Terraform": "services/main.tf",
                            "tenancy": "default",
                            "user_data": "0ce61ea7b18d22627b222373194b580650f53de3",
                            "volume_tags.%": "0",
                            "vpc_security_group_ids.#": "1",
                            "vpc_security_group_ids.4048693724": "sg-836aa2e7"
                        },
                        "meta": {
                            "e2bfb730-ecaa-11e6-8f88-34363bc7c4c0": {
                                "create": 600000000000,
                                "delete": 1200000000000,
                                "update": 600000000000
                            },
                            "schema_version": "1"
                        },
                        "tainted": false
                    },
                    "deposed": [],
                    "provider": "provider.aws"
                },
                "aws_instance.kibana": {
                    "type": "aws_instance",
                    "depends_on": [],
                    "primary": {
                        "id": "i-01e6c7d92c1ac5af5",
                        "attributes": {
                            "ami": "ami-ba602bc2",
                            "associate_public_ip_address": "true",
                            "availability_zone": "us-west-2c",
                            "cpu_core_count": "1",
                            "cpu_threads_per_core": "1",
                            "credit_specification.#": "1",
                            "credit_specification.0.cpu_credits": "standard",
                            "disable_api_termination": "false",
                            "ebs_block_device.#": "0",
                            "ebs_optimized": "false",
                            "ephemeral_block_device.#": "0",
                            "get_password_data": "false",
                            "iam_instance_profile": "",
                            "id": "i-01e6c7d92c1ac5af5",
                            "instance_state": "running",
                            "instance_type": "m3.medium",
                            "ipv6_addresses.#": "0",
                            "key_name": "fridaymorning",
                            "monitoring": "false",
                            "network_interface.#": "0",
                            "network_interface_id": "eni-ef0ad8f5",
                            "password_data": "",
                            "placement_group": "",
                            "primary_network_interface_id": "eni-ef0ad8f5",
                            "private_dns": "ip-172-31-15-131.us-west-2.compute.internal",
                            "private_ip": "172.31.15.131",
                            "public_dns": "ec2-34-221-236-255.us-west-2.compute.amazonaws.com",
                            "public_ip": "34.221.236.255",
                            "root_block_device.#": "1",
                            "root_block_device.0.delete_on_termination": "true",
                            "root_block_device.0.iops": "100",
                            "root_block_device.0.volume_id": "vol-0f647b9e8ad28178b",
                            "root_block_device.0.volume_size": "8",
                            "root_block_device.0.volume_type": "gp2",
                            "security_groups.#": "1",
                            "security_groups.3814588639": "default",
                            "source_dest_check": "true",
                            "subnet_id": "subnet-f672c6af",
                            "tags.%": "3",
                            "tags.ProjectName": "FridayMorning",
                            "tags.ResourceName": "kibana",
                            "tags.Terraform": "services/main.tf",
                            "tenancy": "default",
                            "user_data": "65aa17ead6b7ace7e79f8f520f7768deb8d16382",
                            "volume_tags.%": "0",
                            "vpc_security_group_ids.#": "1",
                            "vpc_security_group_ids.4048693724": "sg-836aa2e7"
                        },
                        "meta": {
                            "e2bfb730-ecaa-11e6-8f88-34363bc7c4c0": {
                                "create": 600000000000,
                                "delete": 1200000000000,
                                "update": 600000000000
                            },
                            "schema_version": "1"
                        },
                        "tainted": false
                    },
                    "deposed": [],
                    "provider": "provider.aws"
                },
                "aws_instance.logstash": {
                    "type": "aws_instance",
                    "depends_on": [],
                    "primary": {
                        "id": "i-069a65d85036abb3f",
                        "attributes": {
                            "ami": "ami-ba602bc2",
                            "associate_public_ip_address": "true",
                            "availability_zone": "us-west-2c",
                            "cpu_core_count": "1",
                            "cpu_threads_per_core": "1",
                            "credit_specification.#": "1",
                            "credit_specification.0.cpu_credits": "standard",
                            "disable_api_termination": "false",
                            "ebs_block_device.#": "0",
                            "ebs_optimized": "false",
                            "ephemeral_block_device.#": "0",
                            "get_password_data": "false",
                            "iam_instance_profile": "",
                            "id": "i-069a65d85036abb3f",
                            "instance_state": "running",
                            "instance_type": "m3.medium",
                            "ipv6_addresses.#": "0",
                            "key_name": "fridaymorning",
                            "monitoring": "false",
                            "network_interface.#": "0",
                            "network_interface_id": "eni-8009db9a",
                            "password_data": "",
                            "placement_group": "",
                            "primary_network_interface_id": "eni-8009db9a",
                            "private_dns": "ip-172-31-3-34.us-west-2.compute.internal",
                            "private_ip": "172.31.3.34",
                            "public_dns": "ec2-34-221-146-31.us-west-2.compute.amazonaws.com",
                            "public_ip": "34.221.146.31",
                            "root_block_device.#": "1",
                            "root_block_device.0.delete_on_termination": "true",
                            "root_block_device.0.iops": "100",
                            "root_block_device.0.volume_id": "vol-071ffdc317f0e1dfb",
                            "root_block_device.0.volume_size": "8",
                            "root_block_device.0.volume_type": "gp2",
                            "security_groups.#": "1",
                            "security_groups.3814588639": "default",
                            "source_dest_check": "true",
                            "subnet_id": "subnet-f672c6af",
                            "tags.%": "3",
                            "tags.ProjectName": "FridayMorning",
                            "tags.ResourceName": "logstash",
                            "tags.Terraform": "services/main.tf",
                            "tenancy": "default",
                            "user_data": "a8da54d47ccc8257c10bdd6d900b354786a395d1",
                            "volume_tags.%": "0",
                            "vpc_security_group_ids.#": "1",
                            "vpc_security_group_ids.4048693724": "sg-836aa2e7"
                        },
                        "meta": {
                            "e2bfb730-ecaa-11e6-8f88-34363bc7c4c0": {
                                "create": 600000000000,
                                "delete": 1200000000000,
                                "update": 600000000000
                            },
                            "schema_version": "1"
                        },
                        "tainted": false
                    },
                    "deposed": [],
                    "provider": "provider.aws"
                },
                "aws_key_pair.fridaymorning": {
                    "type": "aws_key_pair",
                    "depends_on": [],
                    "primary": {
                        "id": "fridaymorning",
                        "attributes": {
                            "id": "fridaymorning",
                            "key_name": "fridaymorning",
                            "public_key": "ssh-rsa AAAAB3NzaC1yc2EAAAADAQABAAABAQDMFEk7GQe7c3KeupwppRGXcxsqeYFjXNG6IPDsJcabHbNaptSPgRDMNpKvlLf3HDXdTCHEOJmS4x+n3BJn8VgEL8v64Mh0wclTry6d0GWP2cp4i5p/hvMIozCAY0OfRhjnAIlioVH3Wg6ZrP85qDkQXEZQ/joc90orcWwSNx+jelMpjwj/0ra7CNoG/2VdvUNHTYW+v4ILNNaUSpSiL5b2J3oXNWag7HQ7zyYLewWpOXMDc5231Ephy6Vkw+L66ITFR7fUyNoeZv25YzMf/Afe6aBIawdgsPkWcrgZn5pQ+S+WxCQlGIe9gkq4yA00xPjRxz6ieaNktzD6j/xjltC3 cbc@CBCE7270D"
                        },
                        "meta": {
                            "schema_version": "1"
                        },
                        "tainted": false
                    },
                    "deposed": [],
                    "provider": "provider.aws"
                },
                "data.template_file.ec2_user_data": {
                    "type": "template_file",
                    "depends_on": [],
                    "primary": {
                        "id": "75438bf64bfb335945e383703bfadde5f3c205e51a104f66b4b98fa217e13eb1",
                        "attributes": {
                            "id": "75438bf64bfb335945e383703bfadde5f3c205e51a104f66b4b98fa217e13eb1",
                            "rendered": "#!/bin/bash\necho \"Terraform provisioned with ami-ba602bc2\"\" \u003e /etc/terraform.output\nsudo apt-get update\nsudo apt-get install -y curl openssh-server ca-certificates\nsudo apt-get install -y postfix\ncurl https://packages.gitlab.com/install/repositories/gitlab/gitlab-ee/script.deb.sh | sudo bash\nsudo EXTERNAL_URL=\"http://gitlab.bcchenbc.net\" apt-get install gitlab-ee",
                            "template": "#!/bin/bash\necho \"Terraform provisioned with ${ami}\"\" \u003e /etc/terraform.output\nsudo apt-get update\nsudo apt-get install -y curl openssh-server ca-certificates\nsudo apt-get install -y postfix\ncurl https://packages.gitlab.com/install/repositories/gitlab/gitlab-ee/script.deb.sh | sudo bash\nsudo EXTERNAL_URL=\"http://gitlab.bcchenbc.net\" apt-get install gitlab-ee",
                            "vars.%": "1",
                            "vars.ami": "ami-ba602bc2"
                        },
                        "meta": {},
                        "tainted": false
                    },
                    "deposed": [],
                    "provider": "provider.template"
                }
            },
            "depends_on": []
        }
    ]
}
